
Microsoft Visual Studio Solution File, Format Version 12.00
# Visual Studio Version 16
VisualStudioVersion = 16.0.30804.86
MinimumVisualStudioVersion = 10.0.40219.1
Project("{FAE04EC0-301F-11D3-BF4B-00C04F79EFBC}") = "BattleShipMaximus", "BattleShipMaximus\BattleShipMaximus.csproj", "{0C1992C1-E529-45D8-80E9-628CBB5F78F0}"
EndProject
Global
	GlobalSection(SolutionConfigurationPlatforms) = preSolution
		Debug|Any CPU = Debug|Any CPU
		Release|Any CPU = Release|Any CPU
	EndGlobalSection
	GlobalSection(ProjectConfigurationPlatforms) = postSolution
		{0C1992C1-E529-45D8-80E9-628CBB5F78F0}.Debug|Any CPU.ActiveCfg = Debug|Any CPU
		{0C1992C1-E529-45D8-80E9-628CBB5F78F0}.Debug|Any CPU.Build.0 = Debug|Any CPU
		{0C1992C1-E529-45D8-80E9-628CBB5F78F0}.Release|Any CPU.ActiveCfg = Release|Any CPU
		{0C1992C1-E529-45D8-80E9-628CBB5F78F0}.Release|Any CPU.Build.0 = Release|Any CPU
	EndGlobalSection
	GlobalSection(SolutionProperties) = preSolution
		HideSolutionNode = FALSE
	EndGlobalSection
	GlobalSection(ExtensibilityGlobals) = postSolution
		SolutionGuid = {D5B09218-85D3-4B9E-9D71-6000514A107A}
	EndGlobalSection
EndGlobal
